<?xml version="1.0" encoding="utf-8"?>
<Project ToolsVersion="4.0" xmlns="http://schemas.microsoft.com/developer/msbuild/2003">
  <ItemGroup>
    <Filter Include="src">
      <UniqueIdentifier>{d00cd0db-019a-4242-b53d-e09ab977934d}</UniqueIdentifier>
    </Filter>
    <Filter Include="resources">
      <UniqueIdentifier>{c0c63a7e-e149-41ab-ace7-9206c985a0cf}</UniqueIdentifier>
    </Filter>
    <Filter Include="ProjectFiles">
      <UniqueIdentifier>{99fb4f2d-4bc8-4ac2-bcee-cf312ddbd6ed}</UniqueIdentifier>
    </Filter>
    <Filter Include="include">
      <UniqueIdentifier>{697b1ae0-1ecd-4832-89f0-92c8ac5586a2}</UniqueIdentifier>
    </Filter>
    <Filter Include="assets">
      <UniqueIdentifier>{ac209418-ac51-4322-bfb2-113623f6ad97}</UniqueIdentifier>
    </Filter>
  </ItemGroup>
  <ItemGroup>
    <ClInclude Include="src\MainMenu.h">
      <Filter>src</Filter>
    </ClInclude>
    <ClInclude Include="src\Driver.h">
      <Filter>src</Filter>
    </ClInclude>
    <ClInclude Include="src\Passenger.h">
      <Filter>src</Filter>
    </ClInclude>
    <ClInclude Include="src\Trip.h">
      <Filter>src</Filter>
    </ClInclude>
    <ClInclude Include="src\User.h">
      <Filter>src</Filter>
    </ClInclude>
    <ClInclude Include="src\Vehicle.h">
      <Filter>src</Filter>
    </ClInclude>
    <ClInclude Include="include\LinkedDoubleList.h">
      <Filter>include</Filter>
    </ClInclude>
    <ClInclude Include="include\LinkedList.h">
      <Filter>include</Filter>
    </ClInclude>
    <ClInclude Include="include\Node.h">
      <Filter>include</Filter>
    </ClInclude>
    <ClInclude Include="include\Queue.h">
      <Filter>include</Filter>
    </ClInclude>
    <ClInclude Include="include\Stack.h">
      <Filter>include</Filter>
    </ClInclude>
    <ClInclude Include="FileManager.h">
      <Filter>include</Filter>
    </ClInclude>
    <ClInclude Include="src\AdministratorMenu.h">
      <Filter>src</Filter>
    </ClInclude>
    <ClInclude Include="src\AuthManager.h">
      <Filter>src</Filter>
    </ClInclude>
    <ClInclude Include="src\TripManager.h">
      <Filter>src</Filter>
    </ClInclude>
  </ItemGroup>
  <ItemGroup>
    <ClCompile Include="src\main.cpp">
      <Filter>src</Filter>
    </ClCompile>
    <ClCompile Include="pruebaYeremy.cpp">
      <Filter>src</Filter>
    </ClCompile>
  </ItemGroup>
  <ItemGroup>
    <None Include="..\README.md">
      <Filter>ProjectFiles</Filter>
    </None>
    <None Include="..\.gitignore">
      <Filter>ProjectFiles</Filter>
    </None>
  </ItemGroup>
  <ItemGroup>
    <Image Include="resources\LYNX_image.png">
      <Filter>resources</Filter>
    </Image>
  </ItemGroup>
  <ItemGroup>
    <Text Include="assets\drivers.txt">
      <Filter>assets</Filter>
    </Text>
  </ItemGroup>
</Project>